// !$*UTF8*$!
{
	archiveVersion = 1;
	classes = {
	};
	objectVersion = 55;
	objects = {

/* Begin PBXAggregateTarget section */
		DFE0C0BE26E784C500EDB44F /* dev */ = {
			isa = PBXAggregateTarget;
			buildConfigurationList = DFE0C0BF26E784C500EDB44F /* Build configuration list for PBXAggregateTarget "dev" */;
			buildPhases = (
				DFE0C0C726E784EB00EDB44F /* ShellScript */,
			);
			dependencies = (
			);
			name = dev;
			productName = dev;
		};
		DFE0C0C226E784CD00EDB44F /* pro */ = {
			isa = PBXAggregateTarget;
			buildConfigurationList = DFE0C0C326E784CD00EDB44F /* Build configuration list for PBXAggregateTarget "pro" */;
			buildPhases = (
				DFE0C0C626E784D400EDB44F /* ShellScript */,
			);
			dependencies = (
			);
			name = pro;
			productName = pro;
		};
/* End PBXAggregateTarget section */

/* Begin PBXBuildFile section */
		585FD9BD9A46AE45FB92CD72 /* Pods_Motion.framework in Frameworks */ = {isa = PBXBuildFile; fileRef = CED4CE00E60F13437E024F2B /* Pods_Motion.framework */; };
		5A53376C26FB5FA900949087 /* PostDetailView.swift in Sources */ = {isa = PBXBuildFile; fileRef = 5A53376B26FB5FA900949087 /* PostDetailView.swift */; };
		5A53377526FC116600949087 /* MTLocUserAvatar.swift in Sources */ = {isa = PBXBuildFile; fileRef = 5A53377426FC116600949087 /* MTLocUserAvatar.swift */; };
		5A5842D526F4CDE100311388 /* MessageView.swift in Sources */ = {isa = PBXBuildFile; fileRef = 5A5842D426F4CDE100311388 /* MessageView.swift */; };
		5A7EBFF626F1DE240026D870 /* NotificationView.swift in Sources */ = {isa = PBXBuildFile; fileRef = 5A7EBFF526F1DE240026D870 /* NotificationView.swift */; };
		5A7EBFF826F1DFDF0026D870 /* TeamView.swift in Sources */ = {isa = PBXBuildFile; fileRef = 5A7EBFF726F1DFDF0026D870 /* TeamView.swift */; };
		5A7EBFFB26F20CC40026D870 /* SettingView.swift in Sources */ = {isa = PBXBuildFile; fileRef = 5A7EBFFA26F20CC40026D870 /* SettingView.swift */; };
		5AC2146426F3767800D4457C /* RecommendView.swift in Sources */ = {isa = PBXBuildFile; fileRef = 5AC2146326F3767800D4457C /* RecommendView.swift */; };
		5AC2146726F3787300D4457C /* ProfileView.swift in Sources */ = {isa = PBXBuildFile; fileRef = 5AC2146626F3787300D4457C /* ProfileView.swift */; };
		5AC8C6E326FC33B30075ABDA /* LibraryDetail.swift in Sources */ = {isa = PBXBuildFile; fileRef = 5AC8C6E226FC33B30075ABDA /* LibraryDetail.swift */; };
		5ACB57E926FC11B8001BACDA /* SettingBtn.swift in Sources */ = {isa = PBXBuildFile; fileRef = 5ACB57E826FC11B8001BACDA /* SettingBtn.swift */; };
		5ACB57EB26FC2AC1001BACDA /* PostEditor.swift in Sources */ = {isa = PBXBuildFile; fileRef = 5ACB57EA26FC2AC1001BACDA /* PostEditor.swift */; };
		5ACB57ED26FC3374001BACDA /* OpenSourceLibrary.swift in Sources */ = {isa = PBXBuildFile; fileRef = 5ACB57EC26FC3374001BACDA /* OpenSourceLibrary.swift */; };
		5ACBA38D26F2D42300A5789E /* TeamProfileView.swift in Sources */ = {isa = PBXBuildFile; fileRef = 5ACBA38C26F2D42300A5789E /* TeamProfileView.swift */; };
		5ACBA39326F2EBA600A5789E /* FindView.swift in Sources */ = {isa = PBXBuildFile; fileRef = 5ACBA39226F2EBA600A5789E /* FindView.swift */; };
		5ACBA39526F2EDE800A5789E /* FindViewTopTabBar.swift in Sources */ = {isa = PBXBuildFile; fileRef = 5ACBA39426F2EDE800A5789E /* FindViewTopTabBar.swift */; };
		DF2A627126F7582E000DAF83 /* UserManager.swift in Sources */ = {isa = PBXBuildFile; fileRef = DF2A627026F7582E000DAF83 /* UserManager.swift */; };
		DF39528626FD710B00993FA5 /* MTSheetViewModifier.swift in Sources */ = {isa = PBXBuildFile; fileRef = DF39528326FD710A00993FA5 /* MTSheetViewModifier.swift */; };
		DF39528726FD710B00993FA5 /* MTSheetManager.swift in Sources */ = {isa = PBXBuildFile; fileRef = DF39528426FD710B00993FA5 /* MTSheetManager.swift */; };
		DF39528826FD710B00993FA5 /* MTSheetView.swift in Sources */ = {isa = PBXBuildFile; fileRef = DF39528526FD710B00993FA5 /* MTSheetView.swift */; };
		DF4145B526F1AD6700DD5F9F /* HomeView.swift in Sources */ = {isa = PBXBuildFile; fileRef = DF4145B426F1AD6700DD5F9F /* HomeView.swift */; };
		DF4145BD26F2EB5500DD5F9F /* HomeHeaderItemView.swift in Sources */ = {isa = PBXBuildFile; fileRef = DF4145BC26F2EB5500DD5F9F /* HomeHeaderItemView.swift */; };
		DF4145BF26F2EB9700DD5F9F /* PostCell.swift in Sources */ = {isa = PBXBuildFile; fileRef = DF4145BE26F2EB9700DD5F9F /* PostCell.swift */; };
		DF8298BA26F079ED0007DEEA /* NextView.swift in Sources */ = {isa = PBXBuildFile; fileRef = DF8298B926F079ED0007DEEA /* NextView.swift */; };
		DF8298BC26F07A720007DEEA /* AppState.swift in Sources */ = {isa = PBXBuildFile; fileRef = DF8298BB26F07A720007DEEA /* AppState.swift */; };
		DF8D130A26FC4C9100504594 /* LoginStartView.swift in Sources */ = {isa = PBXBuildFile; fileRef = DF4FD4AE26FC1C5F00A7AFD2 /* LoginStartView.swift */; };
		DF8D130B26FC4C9D00504594 /* MTRichText.swift in Sources */ = {isa = PBXBuildFile; fileRef = DF4FD4AC26FC156600A7AFD2 /* MTRichText.swift */; };
		DF8D130F26FC5B8400504594 /* MTVideoPlayer.swift in Sources */ = {isa = PBXBuildFile; fileRef = DF8D130E26FC5B8400504594 /* MTVideoPlayer.swift */; };
		DF95F21026FB15A700081A7D /* startVedio.mp4 in Resources */ = {isa = PBXBuildFile; fileRef = DF95F20F26FB15A700081A7D /* startVedio.mp4 */; };
		DF95F21326FB222200081A7D /* MTWebView.swift in Sources */ = {isa = PBXBuildFile; fileRef = DF95F21226FB222200081A7D /* MTWebView.swift */; };
		DFE0C0AD26E783CE00EDB44F /* MotionApp.swift in Sources */ = {isa = PBXBuildFile; fileRef = DFE0C0AC26E783CE00EDB44F /* MotionApp.swift */; };
		DFE0C0AF26E783CE00EDB44F /* ContentView.swift in Sources */ = {isa = PBXBuildFile; fileRef = DFE0C0AE26E783CE00EDB44F /* ContentView.swift */; };
		DFE0C0B126E783CF00EDB44F /* Assets.xcassets in Resources */ = {isa = PBXBuildFile; fileRef = DFE0C0B026E783CF00EDB44F /* Assets.xcassets */; };
		DFE0C0B426E783CF00EDB44F /* Preview Assets.xcassets in Resources */ = {isa = PBXBuildFile; fileRef = DFE0C0B326E783CF00EDB44F /* Preview Assets.xcassets */; };
		DFE0C0BD26E7849E00EDB44F /* AppDelegate.swift in Sources */ = {isa = PBXBuildFile; fileRef = DFE0C0BC26E7849E00EDB44F /* AppDelegate.swift */; };
		DFECAB0E26F30DBD00AB192C /* PostModel.swift in Sources */ = {isa = PBXBuildFile; fileRef = DFECAB0D26F30DBD00AB192C /* PostModel.swift */; };
		DFECAB1026F30DCB00AB192C /* PostVM.swift in Sources */ = {isa = PBXBuildFile; fileRef = DFECAB0F26F30DCB00AB192C /* PostVM.swift */; };
/* End PBXBuildFile section */

/* Begin PBXFileReference section */
		2489304ED38A13284B16870C /* Pods-Motion.release.xcconfig */ = {isa = PBXFileReference; includeInIndex = 1; lastKnownFileType = text.xcconfig; name = "Pods-Motion.release.xcconfig"; path = "Target Support Files/Pods-Motion/Pods-Motion.release.xcconfig"; sourceTree = "<group>"; };
		5A53376B26FB5FA900949087 /* PostDetailView.swift */ = {isa = PBXFileReference; lastKnownFileType = sourcecode.swift; path = PostDetailView.swift; sourceTree = "<group>"; };
		5A53377426FC116600949087 /* MTLocUserAvatar.swift */ = {isa = PBXFileReference; lastKnownFileType = sourcecode.swift; path = MTLocUserAvatar.swift; sourceTree = "<group>"; };
		5A5842D426F4CDE100311388 /* MessageView.swift */ = {isa = PBXFileReference; lastKnownFileType = sourcecode.swift; path = MessageView.swift; sourceTree = "<group>"; };
		5A7EBFF526F1DE240026D870 /* NotificationView.swift */ = {isa = PBXFileReference; lastKnownFileType = sourcecode.swift; path = NotificationView.swift; sourceTree = "<group>"; };
		5A7EBFF726F1DFDF0026D870 /* TeamView.swift */ = {isa = PBXFileReference; lastKnownFileType = sourcecode.swift; path = TeamView.swift; sourceTree = "<group>"; };
		5A7EBFFA26F20CC40026D870 /* SettingView.swift */ = {isa = PBXFileReference; lastKnownFileType = sourcecode.swift; path = SettingView.swift; sourceTree = "<group>"; };
		5AC2146326F3767800D4457C /* RecommendView.swift */ = {isa = PBXFileReference; lastKnownFileType = sourcecode.swift; path = RecommendView.swift; sourceTree = "<group>"; };
		5AC2146626F3787300D4457C /* ProfileView.swift */ = {isa = PBXFileReference; lastKnownFileType = sourcecode.swift; path = ProfileView.swift; sourceTree = "<group>"; };
		5AC8C6E226FC33B30075ABDA /* LibraryDetail.swift */ = {isa = PBXFileReference; lastKnownFileType = sourcecode.swift; path = LibraryDetail.swift; sourceTree = "<group>"; };
		5ACB57E826FC11B8001BACDA /* SettingBtn.swift */ = {isa = PBXFileReference; lastKnownFileType = sourcecode.swift; path = SettingBtn.swift; sourceTree = "<group>"; };
		5ACB57EA26FC2AC1001BACDA /* PostEditor.swift */ = {isa = PBXFileReference; lastKnownFileType = sourcecode.swift; path = PostEditor.swift; sourceTree = "<group>"; };
		5ACB57EC26FC3374001BACDA /* OpenSourceLibrary.swift */ = {isa = PBXFileReference; lastKnownFileType = sourcecode.swift; path = OpenSourceLibrary.swift; sourceTree = "<group>"; };
		5ACBA38C26F2D42300A5789E /* TeamProfileView.swift */ = {isa = PBXFileReference; lastKnownFileType = sourcecode.swift; path = TeamProfileView.swift; sourceTree = "<group>"; };
		5ACBA39226F2EBA600A5789E /* FindView.swift */ = {isa = PBXFileReference; lastKnownFileType = sourcecode.swift; path = FindView.swift; sourceTree = "<group>"; };
		5ACBA39426F2EDE800A5789E /* FindViewTopTabBar.swift */ = {isa = PBXFileReference; lastKnownFileType = sourcecode.swift; path = FindViewTopTabBar.swift; sourceTree = "<group>"; };
		7593AFE3357F8C4290E57512 /* Pods-Motion.debug.xcconfig */ = {isa = PBXFileReference; includeInIndex = 1; lastKnownFileType = text.xcconfig; name = "Pods-Motion.debug.xcconfig"; path = "Target Support Files/Pods-Motion/Pods-Motion.debug.xcconfig"; sourceTree = "<group>"; };
		CED4CE00E60F13437E024F2B /* Pods_Motion.framework */ = {isa = PBXFileReference; explicitFileType = wrapper.framework; includeInIndex = 0; path = Pods_Motion.framework; sourceTree = BUILT_PRODUCTS_DIR; };
		DF2A627026F7582E000DAF83 /* UserManager.swift */ = {isa = PBXFileReference; lastKnownFileType = sourcecode.swift; path = UserManager.swift; sourceTree = "<group>"; };
		DF39528326FD710A00993FA5 /* MTSheetViewModifier.swift */ = {isa = PBXFileReference; fileEncoding = 4; lastKnownFileType = sourcecode.swift; path = MTSheetViewModifier.swift; sourceTree = "<group>"; };
		DF39528426FD710B00993FA5 /* MTSheetManager.swift */ = {isa = PBXFileReference; fileEncoding = 4; lastKnownFileType = sourcecode.swift; path = MTSheetManager.swift; sourceTree = "<group>"; };
		DF39528526FD710B00993FA5 /* MTSheetView.swift */ = {isa = PBXFileReference; fileEncoding = 4; lastKnownFileType = sourcecode.swift; path = MTSheetView.swift; sourceTree = "<group>"; };
		DF4145B426F1AD6700DD5F9F /* HomeView.swift */ = {isa = PBXFileReference; lastKnownFileType = sourcecode.swift; path = HomeView.swift; sourceTree = "<group>"; };
		DF4145BC26F2EB5500DD5F9F /* HomeHeaderItemView.swift */ = {isa = PBXFileReference; lastKnownFileType = sourcecode.swift; path = HomeHeaderItemView.swift; sourceTree = "<group>"; };
		DF4145BE26F2EB9700DD5F9F /* PostCell.swift */ = {isa = PBXFileReference; lastKnownFileType = sourcecode.swift; path = PostCell.swift; sourceTree = "<group>"; };
		DF4FD4AC26FC156600A7AFD2 /* MTRichText.swift */ = {isa = PBXFileReference; lastKnownFileType = sourcecode.swift; path = MTRichText.swift; sourceTree = "<group>"; };
		DF4FD4AE26FC1C5F00A7AFD2 /* LoginStartView.swift */ = {isa = PBXFileReference; lastKnownFileType = sourcecode.swift; path = LoginStartView.swift; sourceTree = "<group>"; };
		DF8298B926F079ED0007DEEA /* NextView.swift */ = {isa = PBXFileReference; lastKnownFileType = sourcecode.swift; path = NextView.swift; sourceTree = "<group>"; };
		DF8298BB26F07A720007DEEA /* AppState.swift */ = {isa = PBXFileReference; lastKnownFileType = sourcecode.swift; path = AppState.swift; sourceTree = "<group>"; };
		DF8D130E26FC5B8400504594 /* MTVideoPlayer.swift */ = {isa = PBXFileReference; fileEncoding = 4; lastKnownFileType = sourcecode.swift; path = MTVideoPlayer.swift; sourceTree = "<group>"; };
		DF95F20F26FB15A700081A7D /* startVedio.mp4 */ = {isa = PBXFileReference; lastKnownFileType = file; path = startVedio.mp4; sourceTree = "<group>"; };
		DF95F21226FB222200081A7D /* MTWebView.swift */ = {isa = PBXFileReference; lastKnownFileType = sourcecode.swift; path = MTWebView.swift; sourceTree = "<group>"; };
		DFE0C0A926E783CE00EDB44F /* Motion.app */ = {isa = PBXFileReference; explicitFileType = wrapper.application; includeInIndex = 0; path = Motion.app; sourceTree = BUILT_PRODUCTS_DIR; };
		DFE0C0AC26E783CE00EDB44F /* MotionApp.swift */ = {isa = PBXFileReference; lastKnownFileType = sourcecode.swift; path = MotionApp.swift; sourceTree = "<group>"; };
		DFE0C0AE26E783CE00EDB44F /* ContentView.swift */ = {isa = PBXFileReference; lastKnownFileType = sourcecode.swift; path = ContentView.swift; sourceTree = "<group>"; };
		DFE0C0B026E783CF00EDB44F /* Assets.xcassets */ = {isa = PBXFileReference; lastKnownFileType = folder.assetcatalog; path = Assets.xcassets; sourceTree = "<group>"; };
		DFE0C0B326E783CF00EDB44F /* Preview Assets.xcassets */ = {isa = PBXFileReference; lastKnownFileType = folder.assetcatalog; path = "Preview Assets.xcassets"; sourceTree = "<group>"; };
		DFE0C0B526E783CF00EDB44F /* Info.plist */ = {isa = PBXFileReference; lastKnownFileType = text.plist.xml; path = Info.plist; sourceTree = "<group>"; };
		DFE0C0BC26E7849E00EDB44F /* AppDelegate.swift */ = {isa = PBXFileReference; fileEncoding = 4; lastKnownFileType = sourcecode.swift; path = AppDelegate.swift; sourceTree = "<group>"; };
		DFECAB0D26F30DBD00AB192C /* PostModel.swift */ = {isa = PBXFileReference; lastKnownFileType = sourcecode.swift; path = PostModel.swift; sourceTree = "<group>"; };
		DFECAB0F26F30DCB00AB192C /* PostVM.swift */ = {isa = PBXFileReference; lastKnownFileType = sourcecode.swift; path = PostVM.swift; sourceTree = "<group>"; };
/* End PBXFileReference section */

/* Begin PBXFrameworksBuildPhase section */
		DFE0C0A626E783CE00EDB44F /* Frameworks */ = {
			isa = PBXFrameworksBuildPhase;
			buildActionMask = 2147483647;
			files = (
				585FD9BD9A46AE45FB92CD72 /* Pods_Motion.framework in Frameworks */,
			);
			runOnlyForDeploymentPostprocessing = 0;
		};
/* End PBXFrameworksBuildPhase section */

/* Begin PBXGroup section */
		5A53377326FC114F00949087 /* PublicViews */ = {
			isa = PBXGroup;
			children = (
				5A53377426FC116600949087 /* MTLocUserAvatar.swift */,
				5ACB57E826FC11B8001BACDA /* SettingBtn.swift */,
				5ACB57EA26FC2AC1001BACDA /* PostEditor.swift */,
			);
			path = PublicViews;
			sourceTree = "<group>";
		};
		5A5842D226F4CDBF00311388 /* Notification */ = {
			isa = PBXGroup;
			children = (
				5A5842D426F4CDE100311388 /* MessageView.swift */,
			);
			path = Notification;
			sourceTree = "<group>";
		};
		5A7EBFF926F20CAD0026D870 /* Setting */ = {
			isa = PBXGroup;
			children = (
				5A7EBFFA26F20CC40026D870 /* SettingView.swift */,
			);
			path = Setting;
			sourceTree = "<group>";
		};
		5AC2146226F3766A00D4457C /* FindSubViews */ = {
			isa = PBXGroup;
			children = (
				5AC2146326F3767800D4457C /* RecommendView.swift */,
				5AC8C6E226FC33B30075ABDA /* LibraryDetail.swift */,
				5ACB57EC26FC3374001BACDA /* OpenSourceLibrary.swift */,
			);
			path = FindSubViews;
			sourceTree = "<group>";
		};
		5AC2146526F3784B00D4457C /* Profile */ = {
			isa = PBXGroup;
			children = (
				5AC2146626F3787300D4457C /* ProfileView.swift */,
			);
			path = Profile;
			sourceTree = "<group>";
		};
		5ACBA38E26F2D44100A5789E /* Team */ = {
			isa = PBXGroup;
			children = (
				5ACBA38C26F2D42300A5789E /* TeamProfileView.swift */,
			);
			path = Team;
			sourceTree = "<group>";
		};
		5ACBA38F26F2E66E00A5789E /* Find */ = {
			isa = PBXGroup;
			children = (
				5AC2146226F3766A00D4457C /* FindSubViews */,
				5ACBA39226F2EBA600A5789E /* FindView.swift */,
				5ACBA39426F2EDE800A5789E /* FindViewTopTabBar.swift */,
			);
			path = Find;
			sourceTree = "<group>";
		};
		C964F152E958CB1785F74CA1 /* Pods */ = {
			isa = PBXGroup;
			children = (
				7593AFE3357F8C4290E57512 /* Pods-Motion.debug.xcconfig */,
				2489304ED38A13284B16870C /* Pods-Motion.release.xcconfig */,
			);
			path = Pods;
			sourceTree = "<group>";
		};
		DF1111C926F77F6E00ADB99A /* Home */ = {
			isa = PBXGroup;
			children = (
				DF4145BB26F2EB2100DD5F9F /* Subviews */,
				DF4145B426F1AD6700DD5F9F /* HomeView.swift */,
			);
			path = Home;
			sourceTree = "<group>";
		};
		DF39528226FD710A00993FA5 /* MTSheet */ = {
			isa = PBXGroup;
			children = (
				DF39528326FD710A00993FA5 /* MTSheetViewModifier.swift */,
				DF39528426FD710B00993FA5 /* MTSheetManager.swift */,
				DF39528526FD710B00993FA5 /* MTSheetView.swift */,
			);
			path = MTSheet;
			sourceTree = "<group>";
		};
		DF4145B626F1B1C700DD5F9F /* Views */ = {
			isa = PBXGroup;
			children = (
				DFE0C0AE26E783CE00EDB44F /* ContentView.swift */,
				5A7EBFF726F1DFDF0026D870 /* TeamView.swift */,
				5A7EBFF526F1DE240026D870 /* NotificationView.swift */,
				DF95F21126FB220900081A7D /* Lib */,
				DF95F20A26FAF77100081A7D /* Login */,
				DF1111C926F77F6E00ADB99A /* Home */,
				5A5842D226F4CDBF00311388 /* Notification */,
				5AC2146526F3784B00D4457C /* Profile */,
				5ACBA38E26F2D44100A5789E /* Team */,
				5A53377326FC114F00949087 /* PublicViews */,
				5ACBA38F26F2E66E00A5789E /* Find */,
				5A7EBFF926F20CAD0026D870 /* Setting */,
				5A53376B26FB5FA900949087 /* PostDetailView.swift */,
			);
			path = Views;
			sourceTree = "<group>";
		};
		DF4145BB26F2EB2100DD5F9F /* Subviews */ = {
			isa = PBXGroup;
			children = (
				DF4145BC26F2EB5500DD5F9F /* HomeHeaderItemView.swift */,
				DF4145BE26F2EB9700DD5F9F /* PostCell.swift */,
			);
			path = Subviews;
			sourceTree = "<group>";
		};
		DF95F20A26FAF77100081A7D /* Login */ = {
			isa = PBXGroup;
			children = (
				DF4FD4AE26FC1C5F00A7AFD2 /* LoginStartView.swift */,
			);
			path = Login;
			sourceTree = "<group>";
		};
		DF95F21126FB220900081A7D /* Lib */ = {
			isa = PBXGroup;
			children = (
				DF39528226FD710A00993FA5 /* MTSheet */,
				DF8D130E26FC5B8400504594 /* MTVideoPlayer.swift */,
				DF95F21226FB222200081A7D /* MTWebView.swift */,
				DF4FD4AC26FC156600A7AFD2 /* MTRichText.swift */,
			);
			path = Lib;
			sourceTree = "<group>";
		};
		DFE0C0A026E783CE00EDB44F = {
			isa = PBXGroup;
			children = (
				DF95F20F26FB15A700081A7D /* startVedio.mp4 */,
				DFE0C0AB26E783CE00EDB44F /* Motion */,
				DFE0C0AA26E783CE00EDB44F /* Products */,
				C964F152E958CB1785F74CA1 /* Pods */,
				FB74B8C00CEB727B553B4E02 /* Frameworks */,
			);
			sourceTree = "<group>";
		};
		DFE0C0AA26E783CE00EDB44F /* Products */ = {
			isa = PBXGroup;
			children = (
				DFE0C0A926E783CE00EDB44F /* Motion.app */,
			);
			name = Products;
			sourceTree = "<group>";
		};
		DFE0C0AB26E783CE00EDB44F /* Motion */ = {
			isa = PBXGroup;
			children = (
				DFE0C0AC26E783CE00EDB44F /* MotionApp.swift */,
				DFE0C0BC26E7849E00EDB44F /* AppDelegate.swift */,
				DFECAB0C26F30DA300AB192C /* ViewModels */,
				DFECAB0B26F30D9D00AB192C /* Models */,
				DFE0C0BB26E7848400EDB44F /* Common */,
				DF4145B626F1B1C700DD5F9F /* Views */,
				DF8298B926F079ED0007DEEA /* NextView.swift */,
				DFE0C0B026E783CF00EDB44F /* Assets.xcassets */,
				DFE0C0B526E783CF00EDB44F /* Info.plist */,
				DFE0C0B226E783CF00EDB44F /* Preview Content */,
			);
			path = Motion;
			sourceTree = "<group>";
		};
		DFE0C0B226E783CF00EDB44F /* Preview Content */ = {
			isa = PBXGroup;
			children = (
				DFE0C0B326E783CF00EDB44F /* Preview Assets.xcassets */,
			);
			path = "Preview Content";
			sourceTree = "<group>";
		};
		DFE0C0BB26E7848400EDB44F /* Common */ = {
			isa = PBXGroup;
			children = (
				DF8298BB26F07A720007DEEA /* AppState.swift */,
				DF2A627026F7582E000DAF83 /* UserManager.swift */,
			);
			path = Common;
			sourceTree = "<group>";
		};
		DFECAB0B26F30D9D00AB192C /* Models */ = {
			isa = PBXGroup;
			children = (
				DFECAB0D26F30DBD00AB192C /* PostModel.swift */,
			);
			path = Models;
			sourceTree = "<group>";
		};
		DFECAB0C26F30DA300AB192C /* ViewModels */ = {
			isa = PBXGroup;
			children = (
				DFECAB0F26F30DCB00AB192C /* PostVM.swift */,
			);
			path = ViewModels;
			sourceTree = "<group>";
		};
		FB74B8C00CEB727B553B4E02 /* Frameworks */ = {
			isa = PBXGroup;
			children = (
				CED4CE00E60F13437E024F2B /* Pods_Motion.framework */,
			);
			name = Frameworks;
			sourceTree = "<group>";
		};
/* End PBXGroup section */

/* Begin PBXNativeTarget section */
		DFE0C0A826E783CE00EDB44F /* Motion */ = {
			isa = PBXNativeTarget;
			buildConfigurationList = DFE0C0B826E783CF00EDB44F /* Build configuration list for PBXNativeTarget "Motion" */;
			buildPhases = (
				5BA5CACF63605B238BE17FB4 /* [CP] Check Pods Manifest.lock */,
				DFE0C0A526E783CE00EDB44F /* Sources */,
				DFE0C0A626E783CE00EDB44F /* Frameworks */,
				DFE0C0A726E783CE00EDB44F /* Resources */,
				4D83E138F4EA809BCB997C10 /* [CP] Embed Pods Frameworks */,
			);
			buildRules = (
			);
			dependencies = (
			);
			name = Motion;
			productName = Motion;
			productReference = DFE0C0A926E783CE00EDB44F /* Motion.app */;
			productType = "com.apple.product-type.application";
		};
/* End PBXNativeTarget section */

/* Begin PBXProject section */
		DFE0C0A126E783CE00EDB44F /* Project object */ = {
			isa = PBXProject;
			attributes = {
				LastSwiftUpdateCheck = 1250;
				LastUpgradeCheck = 1250;
				TargetAttributes = {
					DFE0C0A826E783CE00EDB44F = {
						CreatedOnToolsVersion = 12.5.1;
					};
					DFE0C0BE26E784C500EDB44F = {
						CreatedOnToolsVersion = 12.5.1;
					};
					DFE0C0C226E784CD00EDB44F = {
						CreatedOnToolsVersion = 12.5.1;
					};
				};
			};
			buildConfigurationList = DFE0C0A426E783CE00EDB44F /* Build configuration list for PBXProject "Motion" */;
			compatibilityVersion = "Xcode 13.0";
			developmentRegion = en;
			hasScannedForEncodings = 0;
			knownRegions = (
				en,
				Base,
			);
			mainGroup = DFE0C0A026E783CE00EDB44F;
			productRefGroup = DFE0C0AA26E783CE00EDB44F /* Products */;
			projectDirPath = "";
			projectRoot = "";
			targets = (
				DFE0C0A826E783CE00EDB44F /* Motion */,
				DFE0C0BE26E784C500EDB44F /* dev */,
				DFE0C0C226E784CD00EDB44F /* pro */,
			);
		};
/* End PBXProject section */

/* Begin PBXResourcesBuildPhase section */
		DFE0C0A726E783CE00EDB44F /* Resources */ = {
			isa = PBXResourcesBuildPhase;
			buildActionMask = 2147483647;
			files = (
				DF95F21026FB15A700081A7D /* startVedio.mp4 in Resources */,
				DFE0C0B426E783CF00EDB44F /* Preview Assets.xcassets in Resources */,
				DFE0C0B126E783CF00EDB44F /* Assets.xcassets in Resources */,
			);
			runOnlyForDeploymentPostprocessing = 0;
		};
/* End PBXResourcesBuildPhase section */

/* Begin PBXShellScriptBuildPhase section */
		4D83E138F4EA809BCB997C10 /* [CP] Embed Pods Frameworks */ = {
			isa = PBXShellScriptBuildPhase;
			buildActionMask = 2147483647;
			files = (
			);
			inputFileListPaths = (
				"${PODS_ROOT}/Target Support Files/Pods-Motion/Pods-Motion-frameworks-${CONFIGURATION}-input-files.xcfilelist",
			);
			name = "[CP] Embed Pods Frameworks";
			outputFileListPaths = (
				"${PODS_ROOT}/Target Support Files/Pods-Motion/Pods-Motion-frameworks-${CONFIGURATION}-output-files.xcfilelist",
			);
			runOnlyForDeploymentPostprocessing = 0;
			shellPath = /bin/sh;
			shellScript = "\"${PODS_ROOT}/Target Support Files/Pods-Motion/Pods-Motion-frameworks.sh\"\n";
			showEnvVarsInLog = 0;
		};
		5BA5CACF63605B238BE17FB4 /* [CP] Check Pods Manifest.lock */ = {
			isa = PBXShellScriptBuildPhase;
			buildActionMask = 2147483647;
			files = (
			);
			inputFileListPaths = (
			);
			inputPaths = (
				"${PODS_PODFILE_DIR_PATH}/Podfile.lock",
				"${PODS_ROOT}/Manifest.lock",
			);
			name = "[CP] Check Pods Manifest.lock";
			outputFileListPaths = (
			);
			outputPaths = (
				"$(DERIVED_FILE_DIR)/Pods-Motion-checkManifestLockResult.txt",
			);
			runOnlyForDeploymentPostprocessing = 0;
			shellPath = /bin/sh;
			shellScript = "diff \"${PODS_PODFILE_DIR_PATH}/Podfile.lock\" \"${PODS_ROOT}/Manifest.lock\" > /dev/null\nif [ $? != 0 ] ; then\n    # print error to STDERR\n    echo \"error: The sandbox is not in sync with the Podfile.lock. Run 'pod install' or update your CocoaPods installation.\" >&2\n    exit 1\nfi\n# This output is used by Xcode 'outputs' to avoid re-running this script phase.\necho \"SUCCESS\" > \"${SCRIPT_OUTPUT_FILE_0}\"\n";
			showEnvVarsInLog = 0;
		};
		DFE0C0C626E784D400EDB44F /* ShellScript */ = {
			isa = PBXShellScriptBuildPhase;
			buildActionMask = 2147483647;
			files = (
			);
			inputFileListPaths = (
			);
			inputPaths = (
			);
			outputFileListPaths = (
			);
			outputPaths = (
			);
			runOnlyForDeploymentPostprocessing = 0;
			shellPath = /bin/sh;
			shellScript = "cd ${SRCROOT}\npython3 Script/SVConfiguration.py -c production\n";
		};
		DFE0C0C726E784EB00EDB44F /* ShellScript */ = {
			isa = PBXShellScriptBuildPhase;
			buildActionMask = 2147483647;
			files = (
			);
			inputFileListPaths = (
			);
			inputPaths = (
			);
			outputFileListPaths = (
			);
			outputPaths = (
			);
			runOnlyForDeploymentPostprocessing = 0;
			shellPath = /bin/sh;
			shellScript = "cd ${SRCROOT}\npython3 Script/SVConfiguration.py -c Dev\n";
		};
/* End PBXShellScriptBuildPhase section */

/* Begin PBXSourcesBuildPhase section */
		DFE0C0A526E783CE00EDB44F /* Sources */ = {
			isa = PBXSourcesBuildPhase;
			buildActionMask = 2147483647;
			files = (
				DFE0C0BD26E7849E00EDB44F /* AppDelegate.swift in Sources */,
				5AC2146426F3767800D4457C /* RecommendView.swift in Sources */,
				DF8298BC26F07A720007DEEA /* AppState.swift in Sources */,
				DF95F21326FB222200081A7D /* MTWebView.swift in Sources */,
				DF39528726FD710B00993FA5 /* MTSheetManager.swift in Sources */,
				DF39528626FD710B00993FA5 /* MTSheetViewModifier.swift in Sources */,
				5A7EBFF626F1DE240026D870 /* NotificationView.swift in Sources */,
				DF39528826FD710B00993FA5 /* MTSheetView.swift in Sources */,
				DFECAB0E26F30DBD00AB192C /* PostModel.swift in Sources */,
				5ACBA39526F2EDE800A5789E /* FindViewTopTabBar.swift in Sources */,
				5AC8C6E326FC33B30075ABDA /* LibraryDetail.swift in Sources */,
				DFECAB1026F30DCB00AB192C /* PostVM.swift in Sources */,
				DF8D130A26FC4C9100504594 /* LoginStartView.swift in Sources */,
				5A7EBFF826F1DFDF0026D870 /* TeamView.swift in Sources */,
				DFE0C0AF26E783CE00EDB44F /* ContentView.swift in Sources */,
				5ACBA39326F2EBA600A5789E /* FindView.swift in Sources */,
				DF8D130B26FC4C9D00504594 /* MTRichText.swift in Sources */,
				5ACBA38D26F2D42300A5789E /* TeamProfileView.swift in Sources */,
				5A5842D526F4CDE100311388 /* MessageView.swift in Sources */,
				DF4145B526F1AD6700DD5F9F /* HomeView.swift in Sources */,
				DFE0C0AD26E783CE00EDB44F /* MotionApp.swift in Sources */,
				DF8298BA26F079ED0007DEEA /* NextView.swift in Sources */,
				DF4145BF26F2EB9700DD5F9F /* PostCell.swift in Sources */,
				5ACB57EB26FC2AC1001BACDA /* PostEditor.swift in Sources */,
				5AC2146726F3787300D4457C /* ProfileView.swift in Sources */,
				5A7EBFFB26F20CC40026D870 /* SettingView.swift in Sources */,
				DF8D130F26FC5B8400504594 /* MTVideoPlayer.swift in Sources */,
				5ACB57E926FC11B8001BACDA /* SettingBtn.swift in Sources */,
				5A53376C26FB5FA900949087 /* PostDetailView.swift in Sources */,
				DF2A627126F7582E000DAF83 /* UserManager.swift in Sources */,
				5A53377526FC116600949087 /* MTLocUserAvatar.swift in Sources */,
				DF4145BD26F2EB5500DD5F9F /* HomeHeaderItemView.swift in Sources */,
				5ACB57ED26FC3374001BACDA /* OpenSourceLibrary.swift in Sources */,
			);
			runOnlyForDeploymentPostprocessing = 0;
		};
/* End PBXSourcesBuildPhase section */

/* Begin XCBuildConfiguration section */
		DFE0C0B626E783CF00EDB44F /* Debug */ = {
			isa = XCBuildConfiguration;
			buildSettings = {
				ALWAYS_SEARCH_USER_PATHS = NO;
				CLANG_ANALYZER_NONNULL = YES;
				CLANG_ANALYZER_NUMBER_OBJECT_CONVERSION = YES_AGGRESSIVE;
				CLANG_CXX_LANGUAGE_STANDARD = "gnu++14";
				CLANG_CXX_LIBRARY = "libc++";
				CLANG_ENABLE_MODULES = YES;
				CLANG_ENABLE_OBJC_ARC = YES;
				CLANG_ENABLE_OBJC_WEAK = YES;
				CLANG_WARN_BLOCK_CAPTURE_AUTORELEASING = YES;
				CLANG_WARN_BOOL_CONVERSION = YES;
				CLANG_WARN_COMMA = YES;
				CLANG_WARN_CONSTANT_CONVERSION = YES;
				CLANG_WARN_DEPRECATED_OBJC_IMPLEMENTATIONS = YES;
				CLANG_WARN_DIRECT_OBJC_ISA_USAGE = YES_ERROR;
				CLANG_WARN_DOCUMENTATION_COMMENTS = YES;
				CLANG_WARN_EMPTY_BODY = YES;
				CLANG_WARN_ENUM_CONVERSION = YES;
				CLANG_WARN_INFINITE_RECURSION = YES;
				CLANG_WARN_INT_CONVERSION = YES;
				CLANG_WARN_NON_LITERAL_NULL_CONVERSION = YES;
				CLANG_WARN_OBJC_IMPLICIT_RETAIN_SELF = YES;
				CLANG_WARN_OBJC_LITERAL_CONVERSION = YES;
				CLANG_WARN_OBJC_ROOT_CLASS = YES_ERROR;
				CLANG_WARN_QUOTED_INCLUDE_IN_FRAMEWORK_HEADER = YES;
				CLANG_WARN_RANGE_LOOP_ANALYSIS = YES;
				CLANG_WARN_STRICT_PROTOTYPES = YES;
				CLANG_WARN_SUSPICIOUS_MOVE = YES;
				CLANG_WARN_UNGUARDED_AVAILABILITY = YES_AGGRESSIVE;
				CLANG_WARN_UNREACHABLE_CODE = YES;
				CLANG_WARN__DUPLICATE_METHOD_MATCH = YES;
				COPY_PHASE_STRIP = NO;
				DEBUG_INFORMATION_FORMAT = dwarf;
				ENABLE_STRICT_OBJC_MSGSEND = YES;
				ENABLE_TESTABILITY = YES;
				GCC_C_LANGUAGE_STANDARD = gnu11;
				GCC_DYNAMIC_NO_PIC = NO;
				GCC_NO_COMMON_BLOCKS = YES;
				GCC_OPTIMIZATION_LEVEL = 0;
				GCC_PREPROCESSOR_DEFINITIONS = (
					"DEBUG=1",
					"$(inherited)",
				);
				GCC_WARN_64_TO_32_BIT_CONVERSION = YES;
				GCC_WARN_ABOUT_RETURN_TYPE = YES_ERROR;
				GCC_WARN_UNDECLARED_SELECTOR = YES;
				GCC_WARN_UNINITIALIZED_AUTOS = YES_AGGRESSIVE;
				GCC_WARN_UNUSED_FUNCTION = YES;
				GCC_WARN_UNUSED_VARIABLE = YES;
				IPHONEOS_DEPLOYMENT_TARGET = 14.5;
				MTL_ENABLE_DEBUG_INFO = INCLUDE_SOURCE;
				MTL_FAST_MATH = YES;
				ONLY_ACTIVE_ARCH = YES;
				SDKROOT = iphoneos;
				SWIFT_ACTIVE_COMPILATION_CONDITIONS = DEBUG;
				SWIFT_OPTIMIZATION_LEVEL = "-Onone";
			};
			name = Debug;
		};
		DFE0C0B726E783CF00EDB44F /* Release */ = {
			isa = XCBuildConfiguration;
			buildSettings = {
				ALWAYS_SEARCH_USER_PATHS = NO;
				CLANG_ANALYZER_NONNULL = YES;
				CLANG_ANALYZER_NUMBER_OBJECT_CONVERSION = YES_AGGRESSIVE;
				CLANG_CXX_LANGUAGE_STANDARD = "gnu++14";
				CLANG_CXX_LIBRARY = "libc++";
				CLANG_ENABLE_MODULES = YES;
				CLANG_ENABLE_OBJC_ARC = YES;
				CLANG_ENABLE_OBJC_WEAK = YES;
				CLANG_WARN_BLOCK_CAPTURE_AUTORELEASING = YES;
				CLANG_WARN_BOOL_CONVERSION = YES;
				CLANG_WARN_COMMA = YES;
				CLANG_WARN_CONSTANT_CONVERSION = YES;
				CLANG_WARN_DEPRECATED_OBJC_IMPLEMENTATIONS = YES;
				CLANG_WARN_DIRECT_OBJC_ISA_USAGE = YES_ERROR;
				CLANG_WARN_DOCUMENTATION_COMMENTS = YES;
				CLANG_WARN_EMPTY_BODY = YES;
				CLANG_WARN_ENUM_CONVERSION = YES;
				CLANG_WARN_INFINITE_RECURSION = YES;
				CLANG_WARN_INT_CONVERSION = YES;
				CLANG_WARN_NON_LITERAL_NULL_CONVERSION = YES;
				CLANG_WARN_OBJC_IMPLICIT_RETAIN_SELF = YES;
				CLANG_WARN_OBJC_LITERAL_CONVERSION = YES;
				CLANG_WARN_OBJC_ROOT_CLASS = YES_ERROR;
				CLANG_WARN_QUOTED_INCLUDE_IN_FRAMEWORK_HEADER = YES;
				CLANG_WARN_RANGE_LOOP_ANALYSIS = YES;
				CLANG_WARN_STRICT_PROTOTYPES = YES;
				CLANG_WARN_SUSPICIOUS_MOVE = YES;
				CLANG_WARN_UNGUARDED_AVAILABILITY = YES_AGGRESSIVE;
				CLANG_WARN_UNREACHABLE_CODE = YES;
				CLANG_WARN__DUPLICATE_METHOD_MATCH = YES;
				COPY_PHASE_STRIP = NO;
				DEBUG_INFORMATION_FORMAT = "dwarf-with-dsym";
				ENABLE_NS_ASSERTIONS = NO;
				ENABLE_STRICT_OBJC_MSGSEND = YES;
				GCC_C_LANGUAGE_STANDARD = gnu11;
				GCC_NO_COMMON_BLOCKS = YES;
				GCC_WARN_64_TO_32_BIT_CONVERSION = YES;
				GCC_WARN_ABOUT_RETURN_TYPE = YES_ERROR;
				GCC_WARN_UNDECLARED_SELECTOR = YES;
				GCC_WARN_UNINITIALIZED_AUTOS = YES_AGGRESSIVE;
				GCC_WARN_UNUSED_FUNCTION = YES;
				GCC_WARN_UNUSED_VARIABLE = YES;
				IPHONEOS_DEPLOYMENT_TARGET = 14.5;
				MTL_ENABLE_DEBUG_INFO = NO;
				MTL_FAST_MATH = YES;
				SDKROOT = iphoneos;
				SWIFT_COMPILATION_MODE = wholemodule;
				SWIFT_OPTIMIZATION_LEVEL = "-O";
				VALIDATE_PRODUCT = YES;
			};
			name = Release;
		};
		DFE0C0B926E783CF00EDB44F /* Debug */ = {
			isa = XCBuildConfiguration;
			baseConfigurationReference = 7593AFE3357F8C4290E57512 /* Pods-Motion.debug.xcconfig */;
			buildSettings = {
				ASSETCATALOG_COMPILER_APPICON_NAME = AppIcon;
				ASSETCATALOG_COMPILER_GLOBAL_ACCENT_COLOR_NAME = AccentColor;
				CODE_SIGN_STYLE = Automatic;
				DEVELOPMENT_ASSET_PATHS = "\"Motion/Preview Content\"";
				DEVELOPMENT_TEAM = SM6579H77G;
				ENABLE_PREVIEWS = YES;
				INFOPLIST_FILE = Motion/Info.plist;
				IPHONEOS_DEPLOYMENT_TARGET = 14.0;
				LD_RUNPATH_SEARCH_PATHS = (
					"$(inherited)",
					"@executable_path/Frameworks",
				);
				PRODUCT_BUNDLE_IDENTIFIER = com.sup.tiquantool.Motion;
				PRODUCT_NAME = "$(TARGET_NAME)";
				SWIFT_VERSION = 5.0;
				TARGETED_DEVICE_FAMILY = "1,2";
			};
			name = Debug;
		};
		DFE0C0BA26E783CF00EDB44F /* Release */ = {
			isa = XCBuildConfiguration;
			baseConfigurationReference = 2489304ED38A13284B16870C /* Pods-Motion.release.xcconfig */;
			buildSettings = {
				ASSETCATALOG_COMPILER_APPICON_NAME = AppIcon;
				ASSETCATALOG_COMPILER_GLOBAL_ACCENT_COLOR_NAME = AccentColor;
				CODE_SIGN_STYLE = Automatic;
				DEVELOPMENT_ASSET_PATHS = "\"Motion/Preview Content\"";
				DEVELOPMENT_TEAM = SM6579H77G;
				ENABLE_PREVIEWS = YES;
				INFOPLIST_FILE = Motion/Info.plist;
				IPHONEOS_DEPLOYMENT_TARGET = 14.0;
				LD_RUNPATH_SEARCH_PATHS = (
					"$(inherited)",
					"@executable_path/Frameworks",
				);
				PRODUCT_BUNDLE_IDENTIFIER = com.sup.tiquantool.Motion;
				PRODUCT_NAME = "$(TARGET_NAME)";
				SWIFT_VERSION = 5.0;
				TARGETED_DEVICE_FAMILY = "1,2";
			};
			name = Release;
		};
		DFE0C0C026E784C500EDB44F /* Debug */ = {
			isa = XCBuildConfiguration;
			buildSettings = {
				CODE_SIGN_STYLE = Automatic;
				DEVELOPMENT_TEAM = SM6579H77G;
				PRODUCT_NAME = "$(TARGET_NAME)";
			};
			name = Debug;
		};
		DFE0C0C126E784C500EDB44F /* Release */ = {
			isa = XCBuildConfiguration;
			buildSettings = {
				CODE_SIGN_STYLE = Automatic;
				DEVELOPMENT_TEAM = SM6579H77G;
				PRODUCT_NAME = "$(TARGET_NAME)";
			};
			name = Release;
		};
		DFE0C0C426E784CD00EDB44F /* Debug */ = {
			isa = XCBuildConfiguration;
			buildSettings = {
				CODE_SIGN_STYLE = Automatic;
				DEVELOPMENT_TEAM = SM6579H77G;
				PRODUCT_NAME = "$(TARGET_NAME)";
			};
			name = Debug;
		};
		DFE0C0C526E784CD00EDB44F /* Release */ = {
			isa = XCBuildConfiguration;
			buildSettings = {
				CODE_SIGN_STYLE = Automatic;
				DEVELOPMENT_TEAM = SM6579H77G;
				PRODUCT_NAME = "$(TARGET_NAME)";
			};
			name = Release;
		};
/* End XCBuildConfiguration section */

/* Begin XCConfigurationList section */
		DFE0C0A426E783CE00EDB44F /* Build configuration list for PBXProject "Motion" */ = {
			isa = XCConfigurationList;
			buildConfigurations = (
				DFE0C0B626E783CF00EDB44F /* Debug */,
				DFE0C0B726E783CF00EDB44F /* Release */,
			);
			defaultConfigurationIsVisible = 0;
			defaultConfigurationName = Release;
		};
		DFE0C0B826E783CF00EDB44F /* Build configuration list for PBXNativeTarget "Motion" */ = {
			isa = XCConfigurationList;
			buildConfigurations = (
				DFE0C0B926E783CF00EDB44F /* Debug */,
				DFE0C0BA26E783CF00EDB44F /* Release */,
			);
			defaultConfigurationIsVisible = 0;
			defaultConfigurationName = Release;
		};
		DFE0C0BF26E784C500EDB44F /* Build configuration list for PBXAggregateTarget "dev" */ = {
			isa = XCConfigurationList;
			buildConfigurations = (
				DFE0C0C026E784C500EDB44F /* Debug */,
				DFE0C0C126E784C500EDB44F /* Release */,
			);
			defaultConfigurationIsVisible = 0;
			defaultConfigurationName = Release;
		};
		DFE0C0C326E784CD00EDB44F /* Build configuration list for PBXAggregateTarget "pro" */ = {
			isa = XCConfigurationList;
			buildConfigurations = (
				DFE0C0C426E784CD00EDB44F /* Debug */,
				DFE0C0C526E784CD00EDB44F /* Release */,
			);
			defaultConfigurationIsVisible = 0;
			defaultConfigurationName = Release;
		};
/* End XCConfigurationList section */
	};
	rootObject = DFE0C0A126E783CE00EDB44F /* Project object */;
}
