// !$*UTF8*$!
{
	archiveVersion = 1;
	classes = {
	};
	objectVersion = 51;
	objects = {

/* Begin PBXBuildFile section */
		AEEBE46D5AA080706F6761FC /* Pods_MotionComponentsExample.framework in Frameworks */ = {isa = PBXBuildFile; fileRef = E6317F0118875A62BF1C0F73 /* Pods_MotionComponentsExample.framework */; };
		DF11044726E467C6005AC109 /* MotionComponentsExampleApp.swift in Sources */ = {isa = PBXBuildFile; fileRef = DF11044626E467C6005AC109 /* MotionComponentsExampleApp.swift */; };
		DF11044926E467C6005AC109 /* ContentView.swift in Sources */ = {isa = PBXBuildFile; fileRef = DF11044826E467C6005AC109 /* ContentView.swift */; };
		DF11044B26E467C7005AC109 /* Assets.xcassets in Resources */ = {isa = PBXBuildFile; fileRef = DF11044A26E467C7005AC109 /* Assets.xcassets */; };
		DF11044E26E467C7005AC109 /* Preview Assets.xcassets in Resources */ = {isa = PBXBuildFile; fileRef = DF11044D26E467C7005AC109 /* Preview Assets.xcassets */; };
/* End PBXBuildFile section */

/* Begin PBXFileReference section */
		6E8AE76B252B32514F3B6390 /* Pods-MotionComponentsExample.release.xcconfig */ = {isa = PBXFileReference; includeInIndex = 1; lastKnownFileType = text.xcconfig; name = "Pods-MotionComponentsExample.release.xcconfig"; path = "Target Support Files/Pods-MotionComponentsExample/Pods-MotionComponentsExample.release.xcconfig"; sourceTree = "<group>"; };
		738328573E4484291ADEAA4A /* Pods-MotionComponentsExample.debug.xcconfig */ = {isa = PBXFileReference; includeInIndex = 1; lastKnownFileType = text.xcconfig; name = "Pods-MotionComponentsExample.debug.xcconfig"; path = "Target Support Files/Pods-MotionComponentsExample/Pods-MotionComponentsExample.debug.xcconfig"; sourceTree = "<group>"; };
		DF11044326E467C6005AC109 /* MotionComponentsExample.app */ = {isa = PBXFileReference; explicitFileType = wrapper.application; includeInIndex = 0; path = MotionComponentsExample.app; sourceTree = BUILT_PRODUCTS_DIR; };
		DF11044626E467C6005AC109 /* MotionComponentsExampleApp.swift */ = {isa = PBXFileReference; lastKnownFileType = sourcecode.swift; path = MotionComponentsExampleApp.swift; sourceTree = "<group>"; };
		DF11044826E467C6005AC109 /* ContentView.swift */ = {isa = PBXFileReference; lastKnownFileType = sourcecode.swift; path = ContentView.swift; sourceTree = "<group>"; };
		DF11044A26E467C7005AC109 /* Assets.xcassets */ = {isa = PBXFileReference; lastKnownFileType = folder.assetcatalog; path = Assets.xcassets; sourceTree = "<group>"; };
		DF11044D26E467C7005AC109 /* Preview Assets.xcassets */ = {isa = PBXFileReference; lastKnownFileType = folder.assetcatalog; path = "Preview Assets.xcassets"; sourceTree = "<group>"; };
		DF11044F26E467C7005AC109 /* Info.plist */ = {isa = PBXFileReference; lastKnownFileType = text.plist.xml; path = Info.plist; sourceTree = "<group>"; };
		E6317F0118875A62BF1C0F73 /* Pods_MotionComponentsExample.framework */ = {isa = PBXFileReference; explicitFileType = wrapper.framework; includeInIndex = 0; path = Pods_MotionComponentsExample.framework; sourceTree = BUILT_PRODUCTS_DIR; };
/* End PBXFileReference section */

/* Begin PBXFrameworksBuildPhase section */
		DF11044026E467C6005AC109 /* Frameworks */ = {
			isa = PBXFrameworksBuildPhase;
			buildActionMask = 2147483647;
			files = (
				AEEBE46D5AA080706F6761FC /* Pods_MotionComponentsExample.framework in Frameworks */,
			);
			runOnlyForDeploymentPostprocessing = 0;
		};
/* End PBXFrameworksBuildPhase section */

/* Begin PBXGroup section */
		1BF94A5E2A28D3E51A603253 /* Pods */ = {
			isa = PBXGroup;
			children = (
				738328573E4484291ADEAA4A /* Pods-MotionComponentsExample.debug.xcconfig */,
				6E8AE76B252B32514F3B6390 /* Pods-MotionComponentsExample.release.xcconfig */,
			);
			path = Pods;
			sourceTree = "<group>";
		};
		2DC07226D31A644231896225 /* Frameworks */ = {
			isa = PBXGroup;
			children = (
				E6317F0118875A62BF1C0F73 /* Pods_MotionComponentsExample.framework */,
			);
			name = Frameworks;
			sourceTree = "<group>";
		};
		DF11043A26E467C6005AC109 = {
			isa = PBXGroup;
			children = (
				DF11044526E467C6005AC109 /* MotionComponentsExample */,
				DF11044426E467C6005AC109 /* Products */,
				1BF94A5E2A28D3E51A603253 /* Pods */,
				2DC07226D31A644231896225 /* Frameworks */,
			);
			sourceTree = "<group>";
		};
		DF11044426E467C6005AC109 /* Products */ = {
			isa = PBXGroup;
			children = (
				DF11044326E467C6005AC109 /* MotionComponentsExample.app */,
			);
			name = Products;
			sourceTree = "<group>";
		};
		DF11044526E467C6005AC109 /* MotionComponentsExample */ = {
			isa = PBXGroup;
			children = (
				DF11044626E467C6005AC109 /* MotionComponentsExampleApp.swift */,
				DF11044826E467C6005AC109 /* ContentView.swift */,
				DF11044A26E467C7005AC109 /* Assets.xcassets */,
				DF11044F26E467C7005AC109 /* Info.plist */,
				DF11044C26E467C7005AC109 /* Preview Content */,
			);
			path = MotionComponentsExample;
			sourceTree = "<group>";
		};
		DF11044C26E467C7005AC109 /* Preview Content */ = {
			isa = PBXGroup;
			children = (
				DF11044D26E467C7005AC109 /* Preview Assets.xcassets */,
			);
			path = "Preview Content";
			sourceTree = "<group>";
		};
/* End PBXGroup section */

/* Begin PBXNativeTarget section */
		DF11044226E467C6005AC109 /* MotionComponentsExample */ = {
			isa = PBXNativeTarget;
			buildConfigurationList = DF11045226E467C7005AC109 /* Build configuration list for PBXNativeTarget "MotionComponentsExample" */;
			buildPhases = (
				A73E40630597A61C77F0947C /* [CP] Check Pods Manifest.lock */,
				DF11043F26E467C6005AC109 /* Sources */,
				DF11044026E467C6005AC109 /* Frameworks */,
				DF11044126E467C6005AC109 /* Resources */,
				EDD806D5E42E9CC4F795679A /* [CP] Embed Pods Frameworks */,
			);
			buildRules = (
			);
			dependencies = (
			);
			name = MotionComponentsExample;
			productName = MotionComponentsExample;
			productReference = DF11044326E467C6005AC109 /* MotionComponentsExample.app */;
			productType = "com.apple.product-type.application";
		};
/* End PBXNativeTarget section */

/* Begin PBXProject section */
		DF11043B26E467C6005AC109 /* Project object */ = {
			isa = PBXProject;
			attributes = {
				LastSwiftUpdateCheck = 1250;
				LastUpgradeCheck = 1250;
				TargetAttributes = {
					DF11044226E467C6005AC109 = {
						CreatedOnToolsVersion = 12.5.1;
					};
				};
			};
			buildConfigurationList = DF11043E26E467C6005AC109 /* Build configuration list for PBXProject "MotionComponentsExample" */;
			compatibilityVersion = "Xcode 9.3";
			developmentRegion = en;
			hasScannedForEncodings = 0;
			knownRegions = (
				en,
				Base,
			);
			mainGroup = DF11043A26E467C6005AC109;
			productRefGroup = DF11044426E467C6005AC109 /* Products */;
			projectDirPath = "";
			projectRoot = "";
			targets = (
				DF11044226E467C6005AC109 /* MotionComponentsExample */,
			);
		};
/* End PBXProject section */

/* Begin PBXResourcesBuildPhase section */
		DF11044126E467C6005AC109 /* Resources */ = {
			isa = PBXResourcesBuildPhase;
			buildActionMask = 2147483647;
			files = (
				DF11044E26E467C7005AC109 /* Preview Assets.xcassets in Resources */,
				DF11044B26E467C7005AC109 /* Assets.xcassets in Resources */,
			);
			runOnlyForDeploymentPostprocessing = 0;
		};
/* End PBXResourcesBuildPhase section */

/* Begin PBXShellScriptBuildPhase section */
		A73E40630597A61C77F0947C /* [CP] Check Pods Manifest.lock */ = {
			isa = PBXShellScriptBuildPhase;
			buildActionMask = 2147483647;
			files = (
			);
			inputFileListPaths = (
			);
			inputPaths = (
				"${PODS_PODFILE_DIR_PATH}/Podfile.lock",
				"${PODS_ROOT}/Manifest.lock",
			);
			name = "[CP] Check Pods Manifest.lock";
			outputFileListPaths = (
			);
			outputPaths = (
				"$(DERIVED_FILE_DIR)/Pods-MotionComponentsExample-checkManifestLockResult.txt",
			);
			runOnlyForDeploymentPostprocessing = 0;
			shellPath = /bin/sh;
			shellScript = "diff \"${PODS_PODFILE_DIR_PATH}/Podfile.lock\" \"${PODS_ROOT}/Manifest.lock\" > /dev/null\nif [ $? != 0 ] ; then\n    # print error to STDERR\n    echo \"error: The sandbox is not in sync with the Podfile.lock. Run 'pod install' or update your CocoaPods installation.\" >&2\n    exit 1\nfi\n# This output is used by Xcode 'outputs' to avoid re-running this script phase.\necho \"SUCCESS\" > \"${SCRIPT_OUTPUT_FILE_0}\"\n";
			showEnvVarsInLog = 0;
		};
		EDD806D5E42E9CC4F795679A /* [CP] Embed Pods Frameworks */ = {
			isa = PBXShellScriptBuildPhase;
			buildActionMask = 2147483647;
			files = (
			);
			inputFileListPaths = (
				"${PODS_ROOT}/Target Support Files/Pods-MotionComponentsExample/Pods-MotionComponentsExample-frameworks-${CONFIGURATION}-input-files.xcfilelist",
			);
			name = "[CP] Embed Pods Frameworks";
			outputFileListPaths = (
				"${PODS_ROOT}/Target Support Files/Pods-MotionComponentsExample/Pods-MotionComponentsExample-frameworks-${CONFIGURATION}-output-files.xcfilelist",
			);
			runOnlyForDeploymentPostprocessing = 0;
			shellPath = /bin/sh;
			shellScript = "\"${PODS_ROOT}/Target Support Files/Pods-MotionComponentsExample/Pods-MotionComponentsExample-frameworks.sh\"\n";
			showEnvVarsInLog = 0;
		};
/* End PBXShellScriptBuildPhase section */

/* Begin PBXSourcesBuildPhase section */
		DF11043F26E467C6005AC109 /* Sources */ = {
			isa = PBXSourcesBuildPhase;
			buildActionMask = 2147483647;
			files = (
				DF11044926E467C6005AC109 /* ContentView.swift in Sources */,
				DF11044726E467C6005AC109 /* MotionComponentsExampleApp.swift in Sources */,
			);
			runOnlyForDeploymentPostprocessing = 0;
		};
/* End PBXSourcesBuildPhase section */

/* Begin XCBuildConfiguration section */
		DF11045026E467C7005AC109 /* Debug */ = {
			isa = XCBuildConfiguration;
			buildSettings = {
				ALWAYS_SEARCH_USER_PATHS = NO;
				CLANG_ANALYZER_NONNULL = YES;
				CLANG_ANALYZER_NUMBER_OBJECT_CONVERSION = YES_AGGRESSIVE;
				CLANG_CXX_LANGUAGE_STANDARD = "gnu++14";
				CLANG_CXX_LIBRARY = "libc++";
				CLANG_ENABLE_MODULES = YES;
				CLANG_ENABLE_OBJC_ARC = YES;
				CLANG_ENABLE_OBJC_WEAK = YES;
				CLANG_WARN_BLOCK_CAPTURE_AUTORELEASING = YES;
				CLANG_WARN_BOOL_CONVERSION = YES;
				CLANG_WARN_COMMA = YES;
				CLANG_WARN_CONSTANT_CONVERSION = YES;
				CLANG_WARN_DEPRECATED_OBJC_IMPLEMENTATIONS = YES;
				CLANG_WARN_DIRECT_OBJC_ISA_USAGE = YES_ERROR;
				CLANG_WARN_DOCUMENTATION_COMMENTS = YES;
				CLANG_WARN_EMPTY_BODY = YES;
				CLANG_WARN_ENUM_CONVERSION = YES;
				CLANG_WARN_INFINITE_RECURSION = YES;
				CLANG_WARN_INT_CONVERSION = YES;
				CLANG_WARN_NON_LITERAL_NULL_CONVERSION = YES;
				CLANG_WARN_OBJC_IMPLICIT_RETAIN_SELF = YES;
				CLANG_WARN_OBJC_LITERAL_CONVERSION = YES;
				CLANG_WARN_OBJC_ROOT_CLASS = YES_ERROR;
				CLANG_WARN_QUOTED_INCLUDE_IN_FRAMEWORK_HEADER = YES;
				CLANG_WARN_RANGE_LOOP_ANALYSIS = YES;
				CLANG_WARN_STRICT_PROTOTYPES = YES;
				CLANG_WARN_SUSPICIOUS_MOVE = YES;
				CLANG_WARN_UNGUARDED_AVAILABILITY = YES_AGGRESSIVE;
				CLANG_WARN_UNREACHABLE_CODE = YES;
				CLANG_WARN__DUPLICATE_METHOD_MATCH = YES;
				COPY_PHASE_STRIP = NO;
				DEBUG_INFORMATION_FORMAT = dwarf;
				ENABLE_STRICT_OBJC_MSGSEND = YES;
				ENABLE_TESTABILITY = YES;
				GCC_C_LANGUAGE_STANDARD = gnu11;
				GCC_DYNAMIC_NO_PIC = NO;
				GCC_NO_COMMON_BLOCKS = YES;
				GCC_OPTIMIZATION_LEVEL = 0;
				GCC_PREPROCESSOR_DEFINITIONS = (
					"DEBUG=1",
					"$(inherited)",
				);
				GCC_WARN_64_TO_32_BIT_CONVERSION = YES;
				GCC_WARN_ABOUT_RETURN_TYPE = YES_ERROR;
				GCC_WARN_UNDECLARED_SELECTOR = YES;
				GCC_WARN_UNINITIALIZED_AUTOS = YES_AGGRESSIVE;
				GCC_WARN_UNUSED_FUNCTION = YES;
				GCC_WARN_UNUSED_VARIABLE = YES;
				IPHONEOS_DEPLOYMENT_TARGET = 14.5;
				MTL_ENABLE_DEBUG_INFO = INCLUDE_SOURCE;
				MTL_FAST_MATH = YES;
				ONLY_ACTIVE_ARCH = YES;
				SDKROOT = iphoneos;
				SWIFT_ACTIVE_COMPILATION_CONDITIONS = DEBUG;
				SWIFT_OPTIMIZATION_LEVEL = "-Onone";
			};
			name = Debug;
		};
		DF11045126E467C7005AC109 /* Release */ = {
			isa = XCBuildConfiguration;
			buildSettings = {
				ALWAYS_SEARCH_USER_PATHS = NO;
				CLANG_ANALYZER_NONNULL = YES;
				CLANG_ANALYZER_NUMBER_OBJECT_CONVERSION = YES_AGGRESSIVE;
				CLANG_CXX_LANGUAGE_STANDARD = "gnu++14";
				CLANG_CXX_LIBRARY = "libc++";
				CLANG_ENABLE_MODULES = YES;
				CLANG_ENABLE_OBJC_ARC = YES;
				CLANG_ENABLE_OBJC_WEAK = YES;
				CLANG_WARN_BLOCK_CAPTURE_AUTORELEASING = YES;
				CLANG_WARN_BOOL_CONVERSION = YES;
				CLANG_WARN_COMMA = YES;
				CLANG_WARN_CONSTANT_CONVERSION = YES;
				CLANG_WARN_DEPRECATED_OBJC_IMPLEMENTATIONS = YES;
				CLANG_WARN_DIRECT_OBJC_ISA_USAGE = YES_ERROR;
				CLANG_WARN_DOCUMENTATION_COMMENTS = YES;
				CLANG_WARN_EMPTY_BODY = YES;
				CLANG_WARN_ENUM_CONVERSION = YES;
				CLANG_WARN_INFINITE_RECURSION = YES;
				CLANG_WARN_INT_CONVERSION = YES;
				CLANG_WARN_NON_LITERAL_NULL_CONVERSION = YES;
				CLANG_WARN_OBJC_IMPLICIT_RETAIN_SELF = YES;
				CLANG_WARN_OBJC_LITERAL_CONVERSION = YES;
				CLANG_WARN_OBJC_ROOT_CLASS = YES_ERROR;
				CLANG_WARN_QUOTED_INCLUDE_IN_FRAMEWORK_HEADER = YES;
				CLANG_WARN_RANGE_LOOP_ANALYSIS = YES;
				CLANG_WARN_STRICT_PROTOTYPES = YES;
				CLANG_WARN_SUSPICIOUS_MOVE = YES;
				CLANG_WARN_UNGUARDED_AVAILABILITY = YES_AGGRESSIVE;
				CLANG_WARN_UNREACHABLE_CODE = YES;
				CLANG_WARN__DUPLICATE_METHOD_MATCH = YES;
				COPY_PHASE_STRIP = NO;
				DEBUG_INFORMATION_FORMAT = "dwarf-with-dsym";
				ENABLE_NS_ASSERTIONS = NO;
				ENABLE_STRICT_OBJC_MSGSEND = YES;
				GCC_C_LANGUAGE_STANDARD = gnu11;
				GCC_NO_COMMON_BLOCKS = YES;
				GCC_WARN_64_TO_32_BIT_CONVERSION = YES;
				GCC_WARN_ABOUT_RETURN_TYPE = YES_ERROR;
				GCC_WARN_UNDECLARED_SELECTOR = YES;
				GCC_WARN_UNINITIALIZED_AUTOS = YES_AGGRESSIVE;
				GCC_WARN_UNUSED_FUNCTION = YES;
				GCC_WARN_UNUSED_VARIABLE = YES;
				IPHONEOS_DEPLOYMENT_TARGET = 14.5;
				MTL_ENABLE_DEBUG_INFO = NO;
				MTL_FAST_MATH = YES;
				SDKROOT = iphoneos;
				SWIFT_COMPILATION_MODE = wholemodule;
				SWIFT_OPTIMIZATION_LEVEL = "-O";
				VALIDATE_PRODUCT = YES;
			};
			name = Release;
		};
		DF11045326E467C7005AC109 /* Debug */ = {
			isa = XCBuildConfiguration;
			baseConfigurationReference = 738328573E4484291ADEAA4A /* Pods-MotionComponentsExample.debug.xcconfig */;
			buildSettings = {
				ASSETCATALOG_COMPILER_APPICON_NAME = AppIcon;
				ASSETCATALOG_COMPILER_GLOBAL_ACCENT_COLOR_NAME = AccentColor;
				CODE_SIGN_STYLE = Automatic;
				DEVELOPMENT_ASSET_PATHS = "\"MotionComponentsExample/Preview Content\"";
				DEVELOPMENT_TEAM = SM6579H77G;
				ENABLE_PREVIEWS = YES;
				INFOPLIST_FILE = MotionComponentsExample/Info.plist;
				IPHONEOS_DEPLOYMENT_TARGET = 14.0;
				LD_RUNPATH_SEARCH_PATHS = (
					"$(inherited)",
					"@executable_path/Frameworks",
				);
				PRODUCT_BUNDLE_IDENTIFIER = com.sup.tiquantool.MotionComponentsExample;
				PRODUCT_NAME = "$(TARGET_NAME)";
				SWIFT_VERSION = 5.0;
				TARGETED_DEVICE_FAMILY = "1,2";
			};
			name = Debug;
		};
		DF11045426E467C7005AC109 /* Release */ = {
			isa = XCBuildConfiguration;
			baseConfigurationReference = 6E8AE76B252B32514F3B6390 /* Pods-MotionComponentsExample.release.xcconfig */;
			buildSettings = {
				ASSETCATALOG_COMPILER_APPICON_NAME = AppIcon;
				ASSETCATALOG_COMPILER_GLOBAL_ACCENT_COLOR_NAME = AccentColor;
				CODE_SIGN_STYLE = Automatic;
				DEVELOPMENT_ASSET_PATHS = "\"MotionComponentsExample/Preview Content\"";
				DEVELOPMENT_TEAM = SM6579H77G;
				ENABLE_PREVIEWS = YES;
				INFOPLIST_FILE = MotionComponentsExample/Info.plist;
				IPHONEOS_DEPLOYMENT_TARGET = 14.0;
				LD_RUNPATH_SEARCH_PATHS = (
					"$(inherited)",
					"@executable_path/Frameworks",
				);
				PRODUCT_BUNDLE_IDENTIFIER = com.sup.tiquantool.MotionComponentsExample;
				PRODUCT_NAME = "$(TARGET_NAME)";
				SWIFT_VERSION = 5.0;
				TARGETED_DEVICE_FAMILY = "1,2";
			};
			name = Release;
		};
/* End XCBuildConfiguration section */

/* Begin XCConfigurationList section */
		DF11043E26E467C6005AC109 /* Build configuration list for PBXProject "MotionComponentsExample" */ = {
			isa = XCConfigurationList;
			buildConfigurations = (
				DF11045026E467C7005AC109 /* Debug */,
				DF11045126E467C7005AC109 /* Release */,
			);
			defaultConfigurationIsVisible = 0;
			defaultConfigurationName = Release;
		};
		DF11045226E467C7005AC109 /* Build configuration list for PBXNativeTarget "MotionComponentsExample" */ = {
			isa = XCConfigurationList;
			buildConfigurations = (
				DF11045326E467C7005AC109 /* Debug */,
				DF11045426E467C7005AC109 /* Release */,
			);
			defaultConfigurationIsVisible = 0;
			defaultConfigurationName = Release;
		};
/* End XCConfigurationList section */
	};
	rootObject = DF11043B26E467C6005AC109 /* Project object */;
}
